<Project xmlns="http://schemas.microsoft.com/developer/msbuild/2003">
    <PropertyGroup>
        <ProjectGuid>{CF1157BF-4BA3-4E41-914D-60FFDFBA40BE}</ProjectGuid>
        <MainSource>App.dpk</MainSource>
        <ProjectVersion>19.5</ProjectVersion>
        <FrameworkType>VCL</FrameworkType>
        <Base>True</Base>
        <Config Condition="'$(Config)'==''">Debug</Config>
        <Platform Condition="'$(Platform)'==''">Win64</Platform>
        <TargetedPlatforms>3</TargetedPlatforms>
        <AppType>Package</AppType>
    </PropertyGroup>
    <PropertyGroup Condition="'$(Config)'=='Base' or '$(Base)'!=''">
        <Base>true</Base>
    </PropertyGroup>
    <PropertyGroup Condition="('$(Platform)'=='Win32' and '$(Base)'=='true') or '$(Base_Win32)'!=''">
        <Base_Win32>true</Base_Win32>
        <CfgParent>Base</CfgParent>
        <Base>true</Base>
    </PropertyGroup>
    <PropertyGroup Condition="('$(Platform)'=='Win64' and '$(Base)'=='true') or '$(Base_Win64)'!=''">
        <Base_Win64>true</Base_Win64>
        <CfgParent>Base</CfgParent>
        <Base>true</Base>
    </PropertyGroup>
    <PropertyGroup Condition="'$(Config)'=='Debug' or '$(Cfg_1)'!=''">
        <Cfg_1>true</Cfg_1>
        <CfgParent>Base</CfgParent>
        <Base>true</Base>
    </PropertyGroup>
    <PropertyGroup Condition="('$(Platform)'=='Win32' and '$(Cfg_1)'=='true') or '$(Cfg_1_Win32)'!=''">
        <Cfg_1_Win32>true</Cfg_1_Win32>
        <CfgParent>Cfg_1</CfgParent>
        <Cfg_1>true</Cfg_1>
        <Base>true</Base>
    </PropertyGroup>
    <PropertyGroup Condition="('$(Platform)'=='Win64' and '$(Cfg_1)'=='true') or '$(Cfg_1_Win64)'!=''">
        <Cfg_1_Win64>true</Cfg_1_Win64>
        <CfgParent>Cfg_1</CfgParent>
        <Cfg_1>true</Cfg_1>
        <Base>true</Base>
    </PropertyGroup>
    <PropertyGroup Condition="'$(Config)'=='Release' or '$(Cfg_2)'!=''">
        <Cfg_2>true</Cfg_2>
        <CfgParent>Base</CfgParent>
        <Base>true</Base>
    </PropertyGroup>
    <PropertyGroup Condition="('$(Platform)'=='Win32' and '$(Cfg_2)'=='true') or '$(Cfg_2_Win32)'!=''">
        <Cfg_2_Win32>true</Cfg_2_Win32>
        <CfgParent>Cfg_2</CfgParent>
        <Cfg_2>true</Cfg_2>
        <Base>true</Base>
    </PropertyGroup>
    <PropertyGroup Condition="('$(Platform)'=='Win64' and '$(Cfg_2)'=='true') or '$(Cfg_2_Win64)'!=''">
        <Cfg_2_Win64>true</Cfg_2_Win64>
        <CfgParent>Cfg_2</CfgParent>
        <Cfg_2>true</Cfg_2>
        <Base>true</Base>
    </PropertyGroup>
    <PropertyGroup Condition="'$(Base)'!=''">
        <DCC_DcuOutput>.\$(Platform)\$(Config)</DCC_DcuOutput>
        <DCC_ExeOutput>.\$(Platform)\$(Config)</DCC_ExeOutput>
        <DCC_E>false</DCC_E>
        <DCC_N>false</DCC_N>
        <DCC_S>false</DCC_S>
        <DCC_F>false</DCC_F>
        <DCC_K>false</DCC_K>
        <GenDll>true</GenDll>
        <GenPackage>true</GenPackage>
        <DCC_Namespace>System;Xml;Data;Datasnap;Web;Soap;Vcl;Vcl.Imaging;Vcl.Touch;Vcl.Samples;Vcl.Shell;$(DCC_Namespace)</DCC_Namespace>
        <DCC_CBuilderOutput>All</DCC_CBuilderOutput>
        <SanitizedProjectName>App</SanitizedProjectName>
        <DCC_DcpOutput>..\..\Dcp\</DCC_DcpOutput>
        <DCC_BplOutput>..\..\Exe\Bin\</DCC_BplOutput>
        <VerInfo_Locale>1033</VerInfo_Locale>
        <VerInfo_Keys>CompanyName=;FileDescription=$(MSBuildProjectName);FileVersion=1.0.0.0;InternalName=;LegalCopyright=;LegalTrademarks=;OriginalFilename=;ProgramID=com.embarcadero.$(MSBuildProjectName);ProductName=$(MSBuildProjectName);ProductVersion=1.0.0.0;Comments=</VerInfo_Keys>
    </PropertyGroup>
    <PropertyGroup Condition="'$(Base_Win32)'!=''">
        <DCC_Namespace>Winapi;System.Win;Data.Win;Datasnap.Win;Web.Win;Soap.Win;Xml.Win;Bde;$(DCC_Namespace)</DCC_Namespace>
        <BT_BuildType>Debug</BT_BuildType>
        <VerInfo_IncludeVerInfo>true</VerInfo_IncludeVerInfo>
        <VerInfo_Keys>CompanyName=;FileDescription=$(MSBuildProjectName);FileVersion=1.0.0.0;InternalName=;LegalCopyright=;LegalTrademarks=;OriginalFilename=;ProgramID=com.embarcadero.$(MSBuildProjectName);ProductName=$(MSBuildProjectName);ProductVersion=1.0.0.0;Comments=</VerInfo_Keys>
        <VerInfo_Locale>1033</VerInfo_Locale>
    </PropertyGroup>
    <PropertyGroup Condition="'$(Base_Win64)'!=''">
        <DCC_Namespace>Winapi;System.Win;Data.Win;Datasnap.Win;Web.Win;Soap.Win;Xml.Win;$(DCC_Namespace)</DCC_Namespace>
        <BT_BuildType>Debug</BT_BuildType>
        <VerInfo_IncludeVerInfo>true</VerInfo_IncludeVerInfo>
        <VerInfo_Keys>CompanyName=;FileDescription=$(MSBuildProjectName);FileVersion=1.0.0.0;InternalName=;LegalCopyright=;LegalTrademarks=;OriginalFilename=;ProgramID=com.embarcadero.$(MSBuildProjectName);ProductName=$(MSBuildProjectName);ProductVersion=1.0.0.0;Comments=</VerInfo_Keys>
        <VerInfo_Locale>1033</VerInfo_Locale>
    </PropertyGroup>
    <PropertyGroup Condition="'$(Cfg_1)'!=''">
        <DCC_Define>DEBUG;$(DCC_Define)</DCC_Define>
        <DCC_DebugDCUs>true</DCC_DebugDCUs>
        <DCC_Optimize>false</DCC_Optimize>
        <DCC_GenerateStackFrames>true</DCC_GenerateStackFrames>
        <DCC_DebugInfoInExe>true</DCC_DebugInfoInExe>
        <DCC_RemoteDebug>true</DCC_RemoteDebug>
        <DCC_IntegerOverflowCheck>true</DCC_IntegerOverflowCheck>
        <DCC_RangeChecking>true</DCC_RangeChecking>
    </PropertyGroup>
    <PropertyGroup Condition="'$(Cfg_1_Win32)'!=''">
        <DCC_RemoteDebug>false</DCC_RemoteDebug>
    </PropertyGroup>
    <PropertyGroup Condition="'$(Cfg_1_Win64)'!=''">
        <VerInfo_IncludeVerInfo>true</VerInfo_IncludeVerInfo>
        <Debugger_HostApplication>C:\Pr\app\bantu\bantu-sis\Exe\Bin\Adm.exe</Debugger_HostApplication>
    </PropertyGroup>
    <PropertyGroup Condition="'$(Cfg_2)'!=''">
        <DCC_LocalDebugSymbols>false</DCC_LocalDebugSymbols>
        <DCC_Define>RELEASE;$(DCC_Define)</DCC_Define>
        <DCC_SymbolReferenceInfo>0</DCC_SymbolReferenceInfo>
        <DCC_DebugInformation>0</DCC_DebugInformation>
        <PostBuildEvent><![CDATA[copy $(OUTPUTDIR)\$(OUTPUTNAME).* \\VBOXSVR\d_drive\inst\Bantu\$(Platform)\Mercado\inst-bin
$(PostBuildEvent)]]></PostBuildEvent>
    </PropertyGroup>
    <PropertyGroup Condition="'$(Cfg_2_Win32)'!=''">
        <VerInfo_IncludeVerInfo>true</VerInfo_IncludeVerInfo>
    </PropertyGroup>
    <PropertyGroup Condition="'$(Cfg_2_Win64)'!=''">
        <VerInfo_IncludeVerInfo>true</VerInfo_IncludeVerInfo>
        <PreBuildEvent><![CDATA[C:\Pr\app\bantu\bantu-sis\Controle\GitDescribe_SaveTo_VersaoAtu.bat
$(PreBuildEvent)]]></PreBuildEvent>
    </PropertyGroup>
    <ItemGroup>
        <DelphiCompile Include="$(MainSource)">
            <MainSource>MainSource</MainSource>
        </DelphiCompile>
        <DCCReference Include="rtl.dcp"/>
        <DCCReference Include="vclimg.dcp"/>
        <DCCReference Include="vcledge.dcp"/>
        <DCCReference Include="vclie.dcp"/>
        <DCCReference Include="Sis.dcp"/>
        <DCCReference Include="AppObj\App.AppObj.pas"/>
        <DCCReference Include="AppObj\App.AppObj_u.pas"/>
        <DCCReference Include="AppObj\App.Factory.pas"/>
        <DCCReference Include="AppObj\App.AppInfo.pas"/>
        <DCCReference Include="AppObj\App.AppInfo_u.pas"/>
        <DCCReference Include="AppObj\App.AppObj_u_VaParaPasta.pas"/>
        <DCCReference Include="UI\AppUI\App.UI.Form.Status_u.pas">
            <Form>StatusForm</Form>
        </DCCReference>
        <DCCReference Include="UI\Sessoes\App.UI.Form.Bas.Princ.Sessoes_u.pas">
            <Form>SessoesPrincBasForm</Form>
        </DCCReference>
        <DCCReference Include="DonoConfig\App.DonoConfig.Utils.pas"/>
        <DCCReference Include="AppObj\App.AppObj_u_ExecEventos.pas"/>
        <DCCReference Include="AtualizaVersao\App.AtualizaVersao.pas"/>
        <DCCReference Include="AtualizaVersao\App.AtualizaVersao_u.pas"/>
        <DCCReference Include="SisConfig\App.SisConfig.Garantir.pas"/>
        <DCCReference Include="SisConfig\App.SisConfig.Garantir_u.pas"/>
        <DCCReference Include="UI\ConfigEdit\App.UI.Config.ConfigPergForm_u.pas">
            <Form>ConfigPergForm</Form>
        </DCCReference>
        <DCCReference Include="UI\ConfigEdit\App.UI.Config.ConfigPergForm.Testes.pas"/>
        <DCCReference Include="UI\ConfigEdit\App.UI.Config.Constants.pas"/>
        <DCCReference Include="DB\Garantir\App.DB.Garantir.pas"/>
        <DCCReference Include="DB\App.DB.Utils.pas"/>
        <DCCReference Include="Sessao\App.Sessao.pas"/>
        <DCCReference Include="Sessao\App.Sessao.List.pas"/>
        <DCCReference Include="Sessao\App.Sessao.Criador.pas"/>
        <DCCReference Include="Sessao\App.Sessao.Criador.List.pas"/>
        <DCCReference Include="Sessao\App.Sessao.Criador.List_u.pas"/>
        <DCCReference Include="Sessao\App.Sessao.Factory.pas"/>
        <DCCReference Include="UI\BasForm\App.UI.Form.Bas.Modulo_u.pas">
            <Form>ModuloBasForm</Form>
        </DCCReference>
        <DCCReference Include="Modulos\Retag\App.UI.Form.Bas.Modulo.Retaguarda_u.pas">
            <Form>RetaguardaModuloBasForm</Form>
        </DCCReference>
        <DCCReference Include="Modulos\PDV\App.UI.Form.Bas.Modulo.PDV_u.pas">
            <Form>PDVModuloBasForm</Form>
        </DCCReference>
        <DCCReference Include="UI\Sessoes\App.UI.Sessoes.Frame.pas">
            <Form>SessoesFrame</Form>
            <DesignClass>TFrame</DesignClass>
        </DCCReference>
        <DCCReference Include="Sessao\App.Sessao.Eventos.pas"/>
        <DCCReference Include="Sessao\App.Sessao.Criador_u.pas"/>
        <DCCReference Include="Sessao\App.Sessao.Criador.Retag_u.pas"/>
        <DCCReference Include="Sessao\App.Sessao.Criador.PDV_u.pas"/>
        <DCCReference Include="Sessao\App.Sessao.Criador.Config_u.pas"/>
        <DCCReference Include="UI\Sessoes\App.UI.Sessao.Frame.pas">
            <Form>SessaoFrame</Form>
            <DesignClass>TFrame</DesignClass>
        </DCCReference>
        <DCCReference Include="Modulos\Config\App.UI.Form.Bas.Modulo.Config_u.pas">
            <Form>ConfigModuloBasForm</Form>
        </DCCReference>
        <DCCReference Include="UI\Sessoes\App.UI.Sessao.Select.DBGrid.Frame.pas">
            <Form>SessaoSelectDBGridFrame</Form>
            <DesignClass>TFrame</DesignClass>
        </DCCReference>
        <DCCReference Include="AppObj\App.Constants.pas"/>
        <DCCReference Include="UI\Sessoes\App.UI.Sessao.Select.Form_u.pas">
            <Form>SessaoSelectForm</Form>
        </DCCReference>
        <DCCReference Include="Modulos\Retag\App.UI.Retaguarda.ImgDM_u.pas">
            <Form>RetagImgDM</Form>
            <DesignClass>TDataModule</DesignClass>
        </DCCReference>
        <DCCReference Include="Modulos\Retag\Aju\BemVindo\App.UI.Form.TabSheet.Retag.Aju.BemVindo_u.pas">
            <Form>RetagAjuBemVindoForm</Form>
        </DCCReference>
        <DCCReference Include="Modulos\Retag\Est\App.Retag.Est.Factory.pas"/>
        <DCCReference Include="Modulos\Retag\Est\Fabr\App.Retag.Est.Prod.Fabr.DBI_u.pas"/>
        <DCCReference Include="UI\BasForm\App.UI.Form.Bas.Ed_u.pas">
            <Form>EdBasForm</Form>
        </DCCReference>
        <DCCReference Include="Modulos\Retag\Ent\App.Ent.Ed.pas"/>
        <DCCReference Include="Modulos\Retag\Ent\App.Ent.Ed_u.pas"/>
        <DCCReference Include="Modulos\Retag\Ent\App.Ent.Ed.Id.pas"/>
        <DCCReference Include="Modulos\Retag\Ent\App.Ent.Ed.Id_u.pas"/>
        <DCCReference Include="Modulos\Retag\Ent\App.Ent.Ed.Id.Descr.pas"/>
        <DCCReference Include="Modulos\Retag\Ent\App.Ent.Ed.Id.Descr_u.pas"/>
        <DCCReference Include="Modulos\Retag\Est\Fabr\App.Retag.Est.Prod.Fabr.Ent_u.pas"/>
        <DCCReference Include="Modulos\Retag\Ent\Excl\App.UI.Form.Retag.Excl_u.pas">
            <Form>ExclBasForm</Form>
        </DCCReference>
        <DCCReference Include="Modulos\Retag\Ent\Excl\App.UI.Decorator.Form.Excl.pas"/>
        <DCCReference Include="Modulos\Retag\Ent\Excl\App.UI.Decorator.Form.Excl_u.pas"/>
        <DCCReference Include="Modulos\Retag\Ent\App.Ent.DBI.pas"/>
        <DCCReference Include="Modulos\Retag\Ent\App.Ent.DBI_u.pas"/>
        <DCCReference Include="Modulos\Retag\Est\Tipo\App.UI.Form.Ed.Prod.Tipo_u.pas">
            <Form>ProdTipoEdForm</Form>
        </DCCReference>
        <DCCReference Include="Modulos\Retag\Est\Fabr\App.Retag.Est.Prod.Fabr.Ent.pas"/>
        <DCCReference Include="Modulos\Retag\Est\Tipo\App.Retag.Est.Prod.Tipo.DBI_u.pas"/>
        <DCCReference Include="Modulos\Retag\Est\Tipo\App.Retag.Est.Prod.Tipo.Ent.pas"/>
        <DCCReference Include="Modulos\Retag\Est\Tipo\App.Retag.Est.Prod.Tipo.Ent_u.pas"/>
        <DCCReference Include="Modulos\Retag\Est\Tipo\App.UI.Form.DataSet.Retag.Est.Prod.Tipo_u.pas">
            <Form>RetagEstProdTipoDataSetForm</Form>
        </DCCReference>
        <DCCReference Include="Modulos\Retag\Est\Fabr\App.UI.Form.Ed.Prod.Fabr_u.pas">
            <Form>ProdFabrEdForm</Form>
        </DCCReference>
        <DCCReference Include="Modulos\Retag\Est\Unid\App.Retag.Est.Prod.Unid.Ent.pas"/>
        <DCCReference Include="Modulos\Retag\Est\Unid\App.Retag.Est.Prod.Unid.Ent_u.pas"/>
        <DCCReference Include="Modulos\Retag\Est\Unid\App.Retag.Est.Prod.Unid.DBI_u.pas"/>
        <DCCReference Include="Modulos\Retag\Est\Unid\App.UI.Form.Ed.Prod.Unid_u.pas">
            <Form>ProdUnidEdForm</Form>
        </DCCReference>
        <DCCReference Include="Modulos\Retag\Est\Unid\App.UI.Form.DataSet.Retag.Est.Prod.Unid_u.pas">
            <Form>RetagEstProdUnidDataSetForm</Form>
        </DCCReference>
        <DCCReference Include="Modulos\Retag\Est\ICMS\App.Retag.Est.Prod.ICMS.Ent.pas"/>
        <DCCReference Include="Modulos\Retag\Est\ICMS\App.Retag.Est.Prod.ICMS.Ent_u.pas"/>
        <DCCReference Include="Modulos\Retag\Est\ICMS\App.UI.Form.Ed.Prod.ICMS_u.pas">
            <Form>ProdICMSEdForm</Form>
        </DCCReference>
        <DCCReference Include="Modulos\Retag\Est\ICMS\App.UI.Form.DataSet.Retag.Est.Prod.ICMS_u.pas">
            <Form>RetagEstProdICMSDataSetForm</Form>
        </DCCReference>
        <DCCReference Include="Modulos\Retag\Est\ICMS\App.Retag.Est.Prod.ICMS.DBI_u.pas"/>
        <DCCReference Include="Modulos\Retag\Est\Prod\App.Retag.Est.Prod.Ent.pas"/>
        <DCCReference Include="Modulos\Retag\Est\Prod\App.Retag.Est.Prod.Ent_u.pas"/>
        <DCCReference Include="Modulos\Retag\Est\Prod\App.Retag.Est.Prod.DBI_u.pas"/>
        <DCCReference Include="Modulos\Retag\Est\Prod\App.UI.Form.Ed.Prod_u.pas">
            <Form>ProdEdForm</Form>
        </DCCReference>
        <DCCReference Include="Modulos\Retag\Est\Prod\App.UI.Form.DataSet.Retag.Est.Prod_u.pas">
            <Form>RetagEstProdDataSetForm</Form>
        </DCCReference>
        <DCCReference Include="UI\Controls\Sanfona\App.UI.Controls.SanfonaItem_u.pas">
            <Form>SanfonaItemFrame</Form>
            <DesignClass>TFrame</DesignClass>
        </DCCReference>
        <DCCReference Include="Modulos\Retag\Est\Prod\App.Retag.Prod.SanfonaItem.Bas_u.pas">
            <Form>ProdEdSanfonaItemFrame</Form>
            <DesignClass>TFrame</DesignClass>
        </DCCReference>
        <DCCReference Include="UI\Controls\SelectComboBoxFrame\App.UI.Controls.ComboBox.Select.DB.Frame_u.pas">
            <Form>ComboBoxSelectDBFrame</Form>
            <DesignClass>TFrame</DesignClass>
        </DCCReference>
        <DCCReference Include="Modulos\Retag\Est\Prod\App.Retag.Est.Prod.ComboBox_u.pas">
            <Form>ComboBoxProdEdFrame</Form>
            <DesignClass>TFrame</DesignClass>
        </DCCReference>
        <DCCReference Include="UI\BasForm\App.UI.FormCreator.DataSet_u.pas"/>
        <DCCReference Include="UI\BasForm\App.UI.Form.Bas.Princ_u.pas">
            <Form>PrincBasForm</Form>
        </DCCReference>
        <DCCReference Include="UI\BasForm\App.UI.Form.Bas.TabSheet.DataSet_u.pas">
            <Form>TabSheetDataSetBasForm</Form>
        </DCCReference>
        <DCCReference Include="UI\BasForm\App.UI.Form.Bas.TabSheet_u.pas">
            <Form>TabSheetAppBasForm</Form>
        </DCCReference>
        <DCCReference Include="Modulos\Retag\Est\Fabr\App.UI.Form.DataSet.Retag.Est.Prod.Fabr_u.pas">
            <Form>RetagEstProdFabrDataSetForm</Form>
        </DCCReference>
        <DCCReference Include="Modulos\Retag\Aju\App.Retag.Aju.Factory.pas"/>
        <DCCReference Include="UI\BasForm\App.UI.FormCreator.TabSheet_u.pas"/>
        <DCCReference Include="Modulos\Retag\Est\Prod\ProdBarras\App.Retag.Est.Prod.Barras.Ent.pas"/>
        <DCCReference Include="Modulos\Retag\Est\Prod\ProdBarras\App.Retag.Est.Prod.Barras.Ent.List.pas"/>
        <DCCReference Include="Modulos\Retag\Est\Prod\ProdBarras\App.Retag.Est.Prod.Barras.Ent_u.pas"/>
        <DCCReference Include="Modulos\Retag\Est\Prod\ProdBarras\App.Retag.Est.Prod.Barras.Ent.List_u.pas"/>
        <DCCReference Include="Modulos\Retag\Est\Prod\ProdBarras\App.Retag.Est.Prod.Barras.Frame_u.pas">
            <Form>ProdBarrasFrame</Form>
            <DesignClass>TFrame</DesignClass>
        </DCCReference>
        <DCCReference Include="Modulos\Retag\Est\Prod\ProdBarras\App.Retag.Est.Prod.Barras.List.Form_u.pas">
            <Form>ProdBarrasListForm</Form>
        </DCCReference>
        <DCCReference Include="Modulos\Retag\Est\Prod\ProdBarras\App.UI.Form.Ed.Prod.Barras_u.pas">
            <Form>ProdBarrasEdForm</Form>
        </DCCReference>
        <DCCReference Include="SisConfig\App.SisConfig.DBI.pas"/>
        <DCCReference Include="SisConfig\App.SisConfig.DBI_u.pas"/>
        <DCCReference Include="SisConfig\App.SisConfig.Factory.pas"/>
        <DCCReference Include="AppObj\App.AppInfo.Types.pas"/>
        <DCCReference Include="DB\Log\App.DB.Log.pas"/>
        <DCCReference Include="DB\Log\App.DB.Log_u.pas"/>
        <DCCReference Include="Modulos\Retag\Est\Custo\App.Retag.Est.Custo.pas"/>
        <DCCReference Include="Modulos\Retag\Est\Custo\App.Retag.Est.Custo_u.pas"/>
        <DCCReference Include="Modulos\Retag\Est\Prod\App.Retag.Prod.Compl.SanfonaItem_u.pas">
            <Form>ComplProdEdFrame</Form>
            <DesignClass>TFrame</DesignClass>
        </DCCReference>
        <DCCReference Include="Modulos\Retag\App.UI.Frame.Bas.Retag.Ed_u.pas">
            <Form>RetagEdBasFrame</Form>
            <DesignClass>TFrame</DesignClass>
        </DCCReference>
        <DCCReference Include="Modulos\Retag\Est\Prod\App.UI.Frame.Bas.Retag.Prod.Ed_u.pas">
            <Form>RetagProdEdBasFrame</Form>
            <DesignClass>TFrame</DesignClass>
        </DCCReference>
        <DCCReference Include="Modulos\Retag\Est\Prod\App.UI.Frame.Retag.Prod.Ed.Comuns_u.pas">
            <Form>RetagProdEdComunsFrame</Form>
            <DesignClass>TFrame</DesignClass>
        </DCCReference>
        <DCCReference Include="Modulos\Retag\Est\Prod\ProdBalanca\App.Retag.Est.Prod.Balanca.Ent.pas"/>
        <DCCReference Include="Est\App.Est.Types_u.pas"/>
        <DCCReference Include="Modulos\Retag\Est\Prod\ProdBalanca\App.Retag.Est.Prod.Balanca.Ent_u.pas"/>
        <DCCReference Include="Est\App.Est.Prod.Barras.DBI.pas"/>
        <DCCReference Include="Est\App.Est.Prod.Barras.DBI_u.pas"/>
        <DCCReference Include="Est\App.Est.Prod.Barras.GetSQL_u.pas"/>
        <DCCReference Include="Est\App.Est.Factory_u.pas"/>
        <DCCReference Include="Modulos\Retag\Est\Prod\App.Retag.Est.Prod.Ed.DBI.pas"/>
        <DCCReference Include="Modulos\Retag\Est\Prod\App.Retag.Est.Prod.Ed.DBI_u.pas"/>
        <DCCReference Include="Modulos\Retag\Est\Prod\App.Retag.Est.Prod.UltimoId_u.pas"/>
        <DCCReference Include="Modulos\Retag\Fin\App.Retag.Fin.Factory.pas"/>
        <DCCReference Include="Modulos\Retag\Fin\PagForma\App.Retag.Fin.PagForma.Ent.pas"/>
        <DCCReference Include="Fin\App.Fin.Types_u.pas"/>
        <DCCReference Include="Fin\PagFormaTipo\App.FIn.PagFormaTipo.pas"/>
        <DCCReference Include="Fin\PagFormaTipo\App.FIn.PagFormaTipo_u.pas"/>
        <DCCReference Include="Modulos\Retag\Fin\PagForma\App.Retag.Fin.PagForma.Ent_u.pas"/>
        <DCCReference Include="Modulos\Retag\Fin\PagForma\App.Retag.Fin.PagForma.DBI_u.pas"/>
        <DCCReference Include="Modulos\Retag\Fin\PagForma\App.UI.Form.DataSet.Retag.Fin.PagForma_u.pas">
            <Form>RetagFinPagFormaDataSetForm</Form>
        </DCCReference>
        <DCCReference Include="Modulos\Retag\Fin\PagForma\App.UI.Form.Ed.Fin.PagForma_u.pas">
            <Form>PagFormaEdForm</Form>
        </DCCReference>
        <DCCReference Include="Modulos\Retag\Fin\PagForma\App.Retag.Fin.PagForma.Ed.DBI.pas"/>
        <DCCReference Include="Modulos\Retag\Fin\PagForma\App.Retag.Fin.PagForma.Ed.DBI_u.pas"/>
        <DCCReference Include="DB\DBImport\App.DB.Import.Form_u.pas">
            <Form>DBImportForm</Form>
        </DCCReference>
        <DCCReference Include="DB\DBImport\App.DB.Import.Prod.Ed.Form_u.pas">
            <Form>DBImportProdEdForm</Form>
            <FormType>dfm</FormType>
        </DCCReference>
        <DCCReference Include="DB\DBImport\App.DB.Import.Prod.Rej.Ed.Form_u.pas">
            <Form>ProdRejEdForm</Form>
            <FormType>dfm</FormType>
        </DCCReference>
        <DCCReference Include="DB\DBImport\App.DB.Import.Form.SQL.Atualizar_u.pas"/>
        <DCCReference Include="DB\DBImport\App.DB.Import.Types_u.pas"/>
        <DCCReference Include="DB\DBImport\App.DB.Import.Prod.BarrasList.Ed.Form_u.pas">
            <Form>ImportProdBarrasListEdForm</Form>
            <FormType>dfm</FormType>
        </DCCReference>
        <DCCReference Include="DB\DBImport\App.DB.Import.Prod.Barras.Ed.Form_u.pas">
            <Form>ImportBarEdForm</Form>
            <FormType>dfm</FormType>
        </DCCReference>
        <DCCReference Include="DB\DBImport\App.DB.Import.Factory.pas"/>
        <DCCReference Include="DB\DBImport\App.DB.Import.Input.Barras_u.pas"/>
        <DCCReference Include="DB\DBImport\App.DB.Import.Prod.Rej.Ed.Form.Gravar_u.pas"/>
        <DCCReference Include="DB\DBImport\App.DB.Import.Form_Finalizar_u.pas"/>
        <DCCReference Include="DB\DBImport\App.DB.Import.Form_Finalizar_Fabr_u.pas"/>
        <DCCReference Include="DB\DBImport\App.DB.Import.Form_Finalizar_ProdTipo_u.pas"/>
        <DCCReference Include="DB\DBImport\App.DB.Import.Form_Finalizar_Unid_u.pas"/>
        <DCCReference Include="DB\DBImport\App.DB.Import.Form_Finalizar_Prod_u.pas"/>
        <DCCReference Include="AppVersao\AppVersao_u.pas"/>
        <DCCReference Include="Modulos\Retag\Aju\VersaoDB\App.UI.Form.DataSet.Retag.Aju.VersaoDB_u.pas">
            <Form>RetagAjuVersaoDBDataSetForm</Form>
            <FormType>dfm</FormType>
        </DCCReference>
        <DCCReference Include="Modulos\Retag\Aju\VersaoDB\App.Retag.Aju.VersaoDB.Ent.pas"/>
        <DCCReference Include="Modulos\Retag\Aju\VersaoDB\App.Retag.Aju.VersaoDB.Ent_u.pas"/>
        <DCCReference Include="Modulos\Retag\Aju\VersaoDB\App.Retag.Aju.VersaoDB.DBI_u.pas"/>
        <DCCReference Include="Pess\App.UI.Form.Bas.DataSet.Pess_u.pas">
            <Form>AppPessDataSetForm</Form>
            <FormType>dfm</FormType>
        </DCCReference>
        <DCCReference Include="Pess\App.Pess.Ent.pas"/>
        <DCCReference Include="Pess\App.Pess.Geral.Factory_u.pas"/>
        <DCCReference Include="Pess\App.Generos.pas"/>
        <DCCReference Include="Pess\App.Generos_u.pas"/>
        <DCCReference Include="Pess\App.EstadosCivis.pas"/>
        <DCCReference Include="Pess\App.EstadosCivis_u.pas"/>
        <DCCReference Include="Pess\Loja\App.UI.Form.DataSet.Pess.Loja_u.pas">
            <Form>AppPessLojaDataSetForm</Form>
            <FormType>dfm</FormType>
        </DCCReference>
        <DCCReference Include="Pess\App.PessEnder.pas"/>
        <DCCReference Include="Pess\Loja\App.Pess.Loja.DBI_u.pas"/>
        <DCCReference Include="Pess\App.Pess.Ent_u.pas"/>
        <DCCReference Include="Pess\App.PessEnder_u.pas"/>
        <DCCReference Include="Pess\App.PessEnder.List.pas"/>
        <DCCReference Include="Pess\App.PessEnder.List_u.pas"/>
        <DCCReference Include="Pess\App.Pess.Utils.pas"/>
        <DCCReference Include="Pess\Loja\App.Pess.Loja.Ent.pas"/>
        <DCCReference Include="Pess\Loja\App.Pess.Loja.Ent_u.pas"/>
        <DCCReference Include="Pess\App.UI.Form.Bas.Ed.Pess_u.pas">
            <Form>PessEdBasForm</Form>
            <FormType>dfm</FormType>
        </DCCReference>
        <DCCReference Include="Pess\App.Pess.UI.Factory_u.pas"/>
        <DCCReference Include="Pess\Loja\App.Pess.Loja.DBI.pas"/>
        <DCCReference Include="Pess\App.Pess.Ent.Factory_u.pas"/>
        <DCCReference Include="UI\BasForm\App.UI.TabSheet.DataSet.Types_u.pas"/>
        <DCCReference Include="Pess\App.Pess.DBI.pas"/>
        <DCCReference Include="Pess\App.Pess.DBI_u.pas"/>
        <DCCReference Include="Pess\Loja\App.UI.Form.Bas.Ed.Pess.Loja_u.pas">
            <Form>PessLojaEdForm</Form>
            <FormType>dfm</FormType>
        </DCCReference>
        <DCCReference Include="AppObj\TestesConfig\App.Testes.Config_u.pas"/>
        <DCCReference Include="AppObj\TestesConfig\App.Testes.Config.pas"/>
        <DCCReference Include="AppObj\TestesConfig\ModuConf\App.Testes.Config.ModuConf.pas"/>
        <DCCReference Include="AppObj\TestesConfig\ModuConf\Ambi\App.Testes.Config.ModuConf.Ambi.pas"/>
        <DCCReference Include="AppObj\TestesConfig\App.Testes.Config.Factory.pas"/>
        <DCCReference Include="AppObj\TestesConfig\ModuConf\App.Testes.Config.ModuConf_u.pas"/>
        <DCCReference Include="AppObj\TestesConfig\ModuConf\Ambi\App.Testes.Config.ModuConf.Ambi_u.pas"/>
        <DCCReference Include="AppObj\TestesConfig\ModuConf\Ambi\Loja\App.Testes.Config.ModuConf.Ambi.Loja.pas"/>
        <DCCReference Include="AppObj\TestesConfig\ModuConf\Ambi\Loja\App.Testes.Config.ModuConf.Ambi.Loja_u.pas"/>
        <DCCReference Include="AppObj\TestesConfig\App\App.Testes.Config.App.pas"/>
        <DCCReference Include="AppObj\TestesConfig\App\App.Testes.Config.App_u.pas"/>
        <DCCReference Include="Pess\Ender\App.Pess.Ender.Controls.Frame_u.pas">
            <Form>EnderControlsFrame</Form>
            <FormType>dfm</FormType>
            <DesignClass>TFrame</DesignClass>
        </DCCReference>
        <DCCReference Include="Pess\Ender\App.Pess.Ender.DBGrid.Frame_u.pas">
            <Form>EnderDBGridFrame</Form>
            <FormType>dfm</FormType>
            <DesignClass>TFrame</DesignClass>
        </DCCReference>
        <DCCReference Include="Pess\Ender\App.Pess.Ender.Frame_u.pas">
            <Form>EnderFrame</Form>
            <FormType>dfm</FormType>
            <DesignClass>TFrame</DesignClass>
        </DCCReference>
        <DCCReference Include="Pess\PerfilDeUso\App.Acesso.PerfilDeUso.Ent.pas"/>
        <DCCReference Include="Pess\PerfilDeUso\App.Acesso.PerfilDeUso.Ent_u.pas"/>
        <DCCReference Include="Pess\PerfilDeUso\App.Acesso.PerfilDeUso.DBI_u.pas"/>
        <DCCReference Include="Pess\PerfilDeUso\App.Acesso.PerfilDeUso.Ent.Factory_u.pas"/>
        <DCCReference Include="Pess\PerfilDeUso\App.UI.Form.Ed.Acesso.PerfilDeUso_u.pas">
            <Form>PerfilDeUsoEdForm</Form>
            <FormType>dfm</FormType>
        </DCCReference>
        <DCCReference Include="Pess\Loja\App.Pess.Loja.Ent.Factory_u.pas"/>
        <DCCReference Include="Pess\PerfilDeUso\App.UI.Form.DataSet.Acesso.PerfilDeUso_u.pas">
            <Form>PerfilDeUsoDataSetForm</Form>
            <FormType>dfm</FormType>
        </DCCReference>
        <DCCReference Include="AppObj\App.DBI.pas"/>
        <DCCReference Include="Pess\PerfilDeUso\App.Acesso.PerfilDeUso.DBI.pas"/>
        <DCCReference Include="Pess\PerfilDeUso\App.Acesso.PerfilDeUso.UI.Factory_u.pas"/>
        <DCCReference Include="AppObj\TestesConfig\ModuRetag\App.Testes.Config.ModuRetag.pas"/>
        <DCCReference Include="AppObj\TestesConfig\ModuRetag\Acesso\App.Testes.Config.ModuRetag.Acesso.pas"/>
        <DCCReference Include="AppObj\TestesConfig\ModuRetag\Acesso\PerfilDeUso\App.Testes.Config.ModuRetag.Acesso.PerfilDeUso.pas"/>
        <DCCReference Include="AppObj\TestesConfig\ModuRetag\App.Testes.Config.ModuRetag_u.pas"/>
        <DCCReference Include="AppObj\TestesConfig\ModuRetag\Acesso\PerfilDeUso\App.Testes.Config.ModuRetag.Acesso.PerfilDeUso_u.pas"/>
        <DCCReference Include="AppObj\TestesConfig\ModuRetag\Acesso\App.Testes.Config.ModuRetag.Acesso_u.pas"/>
        <DCCReference Include="Modulos\Retag\Acesso\OpcaoSis\App.UI.Form.TreeView.Retag.Acesso.OpcaoSis_u.pas">
            <Form>OpcaoSisTreeViewForm</Form>
            <FormType>dfm</FormType>
        </DCCReference>
        <DCCReference Include="Modulos\Retag\Acesso\OpcaoSis\App.UI.Form.TreeView.Retag.Acesso.OpcaoSis.PerfilUso_u.pas">
            <Form>OpcaoSisPerfilUsoTreeViewForm</Form>
            <FormType>dfm</FormType>
        </DCCReference>
        <DCCReference Include="Pess\Funcionario\App.Pess.Funcionario.Ent_u.pas"/>
        <DCCReference Include="Pess\Funcionario\App.Pess.Funcionario.Ent.pas"/>
        <DCCReference Include="Pess\Funcionario\App.Pess.Funcionario.DBI.pas"/>
        <DCCReference Include="Pess\Funcionario\App.Pess.Funcionario.DBI_u.pas"/>
        <DCCReference Include="Pess\Funcionario\App.Pess.Funcionario.Ent.Factory_u.pas"/>
        <DCCReference Include="Pess\Cliente\App.Pess.Cliente.Ent.pas"/>
        <DCCReference Include="Pess\Cliente\App.Pess.Cliente.Ent_u.pas"/>
        <DCCReference Include="Pess\Cliente\App.Pess.Cliente.Ent.Factory_u.pas"/>
        <DCCReference Include="Pess\Cliente\App.Pess.Cliente.DBI.pas"/>
        <DCCReference Include="Pess\Cliente\App.Pess.Cliente.DBI_u.pas"/>
        <DCCReference Include="Pess\Funcionario\App.UI.Form.Bas.Ed.Pess.Funcionario_u.pas">
            <Form>PessFuncionarioEdForm</Form>
            <FormType>dfm</FormType>
        </DCCReference>
        <DCCReference Include="Pess\Cliente\App.UI.Form.Bas.Ed.Pess.Cliente_u.pas">
            <Form>PessClienteEdForm</Form>
            <FormType>dfm</FormType>
        </DCCReference>
        <DCCReference Include="Pess\Funcionario\App.UI.Form.DataSet.Pess.Funcionario_u.pas">
            <Form>AppPessFuncionarioDataSetForm</Form>
            <FormType>dfm</FormType>
        </DCCReference>
        <DCCReference Include="Pess\Cliente\App.Acesso.Cliente.UI.Factory_u.pas"/>
        <DCCReference Include="AppObj\TestesConfig\ModuRetag\Est\App.Testes.Config.ModuRetag.Est.pas"/>
        <DCCReference Include="AppObj\TestesConfig\ModuRetag\Est\Cli\App.Testes.Config.ModuRetag.Est.Cliente.pas"/>
        <DCCReference Include="AppObj\TestesConfig\ModuRetag\Est\App.Testes.Config.ModuRetag.Est_u.pas"/>
        <DCCReference Include="AppObj\TestesConfig\ModuRetag\Est\Cli\App.Testes.Config.ModuRetag.Est.Cliente_u.pas"/>
        <DCCReference Include="Pess\Cliente\App.UI.Form.DataSet.Pess.Cliente_u.pas">
            <Form>AppPessClienteDataSetForm</Form>
            <FormType>dfm</FormType>
        </DCCReference>
        <DCCReference Include="AppObj\TestesConfig\ModuRetag\Acesso\Funcionario\App.Testes.Config.ModuRetag.Acesso.Funcionario.pas"/>
        <DCCReference Include="AppObj\TestesConfig\ModuRetag\Acesso\Funcionario\App.Testes.Config.ModuRetag.Acesso.Funcionario_u.pas"/>
        <DCCReference Include="Pess\Funcionario\App.Acesso.Funcionario.UI.Factory_u.pas"/>
        <DCCReference Include="Modulos\Retag\Acesso\OpcaoSis\App.UI.Form.TreeView.Retag.Acesso.OpcaoSis.Usuario_u.pas">
            <Form>OpcaoSisUsuarioTreeViewForm</Form>
            <FormType>dfm</FormType>
        </DCCReference>
        <DCCReference Include="Pess\Funcionario\App.UI.Form.Diag.Pess.Funcionario.PerfilDeUso_u.pas">
            <Form>FuncionarioPerfilDeUsoDiagForm</Form>
        </DCCReference>
        <DCCReference Include="UI\ConfigEdit\App.UI.Config.MaqNomeEdFrame_u.pas">
            <Form>MaqNomeEdFrame</Form>
            <FormType>dfm</FormType>
            <DesignClass>TFrame</DesignClass>
        </DCCReference>
        <DCCReference Include="Modulos\Config\Ambi\Terminal\App.UI.Frame.DBGrid.Config.Ambi.Terminal_u.pas">
            <Form>TerminaisDBGridFrame</Form>
            <FormType>dfm</FormType>
            <DesignClass>TFrame</DesignClass>
        </DCCReference>
        <DCCReference Include="Modulos\Config\Ambi\Terminal\App.UI.Form.Config.Ambi.Terminal.Ed_u.pas">
            <Form>TerminalEdDiagForm</Form>
            <FormType>dfm</FormType>
        </DCCReference>
        <DCCReference Include="DB\Term\EnviarDados\App.DB.Term.EnviarDados.Frame_u.pas">
            <Form>TermEnviarDadosFrame</Form>
            <FormType>dfm</FormType>
            <DesignClass>TFrame</DesignClass>
        </DCCReference>
        <DCCReference Include="AppObj\TestesConfig\ModuConf\Import\App.Testes.Config.ModuConf.Import.pas"/>
        <DCCReference Include="AppObj\TestesConfig\ModuConf\Import\App.Testes.Config.ModuConf.Import_u.pas"/>
        <DCCReference Include="DB\DBConnections\App.DB.DBConnectionList.pas"/>
        <DCCReference Include="DB\DBConnections\App.DB.DBConnectionList_u.pas"/>
        <DCCReference Include="DB\DBConnections\App.DB.DBIntegracao.pas"/>
        <DCCReference Include="DB\Term\App.DB.Term.Utils_u.pas"/>
        <DCCReference Include="AppObj\TestesConfig\ModuRetag\Ajuda\App.Testes.Config.ModuRetag.Ajuda.pas"/>
        <DCCReference Include="AppObj\TestesConfig\ModuRetag\Ajuda\App.Testes.Config.ModuRetag.Ajuda_u.pas"/>
        <DCCReference Include="AppObj\TestesConfig\ModuRetag\Ajuda\BemVindo\App.Testes.Config.ModuRetag.Ajuda.BemVindo.pas"/>
        <DCCReference Include="AppObj\TestesConfig\ModuRetag\Ajuda\BemVindo\Terminais\App.Testes.Config.ModuRetag.Ajuda.BemVindo.Terminais.pas"/>
        <DCCReference Include="AppObj\TestesConfig\ModuRetag\Ajuda\BemVindo\Terminais\App.Testes.Config.ModuRetag.Ajuda.BemVindo.Terminais_u.pas"/>
        <DCCReference Include="AppObj\TestesConfig\ModuRetag\Ajuda\BemVindo\App.Testes.Config.ModuRetag.Ajuda.BemVindo_u.pas"/>
        <DCCReference Include="DB\Term\EnviarDados\App.DB.Term.EnviarDados.pas"/>
        <DCCReference Include="DB\Term\EnviarDados\App.DB.Term.EnviarDados.Factory_u.pas"/>
        <DCCReference Include="DB\Term\EnviarDados\App.DB.Term.EnviarDados_u.pas"/>
        <DCCReference Include="DB\Term\EnviarDados\App.DB.Term.EnviarTabela.pas"/>
        <DCCReference Include="DB\Term\EnviarDados\App.DB.Term.EnviarTabela.Terminal_u.pas"/>
        <DCCReference Include="DB\Term\EnviarDados\App.DB.Term.EnviarTabela_u.pas"/>
        <DCCReference Include="DB\Term\EnviarDados\App.DB.Term.EnviarTabela.PagamentoForma_u.pas"/>
        <DCCReference Include="DB\Term\EnviarDados\App.DB.Term.EnviarTabela.PagamentoFormaTipo_u.pas"/>
        <DCCReference Include="DB\Term\EnviarDados\App.DB.Term.EnviarTabela.Loja_u.pas"/>
        <DCCReference Include="DB\Term\EnviarDados\App.DB.Term.EnviarTabela.Pessoa_u.pas"/>
        <DCCReference Include="DB\Term\EnviarDados\App.DB.Term.EnviarTabela.PessoaReg_u.pas"/>
        <DCCReference Include="DB\Term\EnviarDados\App.DB.Term.EnviarTabela.EnderecoReg_u.pas"/>
        <DCCReference Include="DB\Term\EnviarDados\App.DB.Term.EnviarTabela.Endereco_u.pas"/>
        <DCCReference Include="DB\Term\EnviarDados\App.DB.Term.EnviarTabela.Funcionario_u.pas"/>
        <DCCReference Include="DB\Term\EnviarDados\App.DB.Term.EnviarTabela.LojaEhPessoa_u.pas"/>
        <DCCReference Include="DB\Term\EnviarDados\App.DB.Term.EnviarTabela.Usuario_u.pas"/>
        <DCCReference Include="DB\Term\EnviarDados\App.DB.Term.EnviarTabela.UsuarioPodeOpcaoSis_u.pas"/>
        <DCCReference Include="DB\Term\EnviarDados\App.DB.Term.Registro.UsuarioPodeOpcaoSis_u.pas"/>
        <DCCReference Include="DB\Term\EnviarDados\App.DB.Term.Registro.UsuarioPodeOpcaoSisList_u.pas"/>
        <DCCReference Include="DB\Term\EnviarDados\App.DB.Term.EnviarTabela.Prod_u.pas"/>
        <DCCReference Include="DB\Term\EnviarDados\App.DB.Term.EnviarTabela.ProdBarras_u.pas"/>
        <DCCReference Include="DB\Term\EnviarDados\App.DB.Term.Registro.ProdBarras_u.pas"/>
        <DCCReference Include="DB\Term\EnviarDados\App.DB.Term.Registro.ProdBarrasList_u.pas"/>
        <BuildConfiguration Include="Base">
            <Key>Base</Key>
        </BuildConfiguration>
        <BuildConfiguration Include="Debug">
            <Key>Cfg_1</Key>
            <CfgParent>Base</CfgParent>
        </BuildConfiguration>
        <BuildConfiguration Include="Release">
            <Key>Cfg_2</Key>
            <CfgParent>Base</CfgParent>
        </BuildConfiguration>
    </ItemGroup>
    <ProjectExtensions>
        <Borland.Personality>Delphi.Personality.12</Borland.Personality>
        <Borland.ProjectType>Package</Borland.ProjectType>
        <BorlandProject>
            <Delphi.Personality>
                <Source>
                    <Source Name="MainSource">App.dpk</Source>
                </Source>
                <Excluded_Packages>
                    <Excluded_Packages Name="$(BDSBIN)\dcloffice2k280.bpl">Microsoft Office 2000 Sample Automation Server Wrapper Components</Excluded_Packages>
                    <Excluded_Packages Name="$(BDSBIN)\dclofficexp280.bpl">Microsoft Office XP Sample Automation Server Wrapper Components</Excluded_Packages>
                </Excluded_Packages>
            </Delphi.Personality>
            <Deployment Version="4">
                <DeployFile LocalName="$(BDS)\Redist\iossimulator\libcgunwind.1.0.dylib" Class="DependencyModule">
                    <Platform Name="iOSSimulator">
                        <Overwrite>true</Overwrite>
                    </Platform>
                </DeployFile>
                <DeployFile LocalName="$(BDS)\Redist\iossimulator\libpcre.dylib" Class="DependencyModule">
                    <Platform Name="iOSSimulator">
                        <Overwrite>true</Overwrite>
                    </Platform>
                </DeployFile>
                <DeployFile LocalName="$(BDS)\Redist\osx32\libcgunwind.1.0.dylib" Class="DependencyModule">
                    <Platform Name="OSX32">
                        <Overwrite>true</Overwrite>
                    </Platform>
                </DeployFile>
                <DeployFile LocalName="..\..\Exe\Bin\App.bpl" Configuration="Debug" Class="ProjectOutput">
                    <Platform Name="Win64">
                        <RemoteName>App.bpl</RemoteName>
                        <Overwrite>true</Overwrite>
                    </Platform>
                </DeployFile>
                <DeployFile LocalName="C:\Users\Public\Documents\Embarcadero\Studio\22.0\Bpl\App.bpl" Configuration="Debug" Class="ProjectOutput">
                    <Platform Name="Win32">
                        <RemoteName>App.bpl</RemoteName>
                        <Overwrite>true</Overwrite>
                    </Platform>
                </DeployFile>
                <DeployClass Name="AdditionalDebugSymbols">
                    <Platform Name="OSX32">
                        <Operation>1</Operation>
                    </Platform>
                    <Platform Name="Win32">
                        <Operation>0</Operation>
                    </Platform>
                </DeployClass>
                <DeployClass Name="AndroidClasses">
                    <Platform Name="Android">
                        <RemoteDir>classes</RemoteDir>
                        <Operation>64</Operation>
                    </Platform>
                    <Platform Name="Android64">
                        <RemoteDir>classes</RemoteDir>
                        <Operation>64</Operation>
                    </Platform>
                </DeployClass>
                <DeployClass Name="AndroidFileProvider">
                    <Platform Name="Android">
                        <RemoteDir>res\xml</RemoteDir>
                        <Operation>1</Operation>
                    </Platform>
                    <Platform Name="Android64">
                        <RemoteDir>res\xml</RemoteDir>
                        <Operation>1</Operation>
                    </Platform>
                </DeployClass>
                <DeployClass Name="AndroidGDBServer">
                    <Platform Name="Android">
                        <RemoteDir>library\lib\armeabi-v7a</RemoteDir>
                        <Operation>1</Operation>
                    </Platform>
                </DeployClass>
                <DeployClass Name="AndroidLibnativeArmeabiFile">
                    <Platform Name="Android">
                        <RemoteDir>library\lib\armeabi</RemoteDir>
                        <Operation>1</Operation>
                    </Platform>
                    <Platform Name="Android64">
                        <RemoteDir>library\lib\armeabi</RemoteDir>
                        <Operation>1</Operation>
                    </Platform>
                </DeployClass>
                <DeployClass Name="AndroidLibnativeArmeabiv7aFile">
                    <Platform Name="Android64">
                        <RemoteDir>library\lib\armeabi-v7a</RemoteDir>
                        <Operation>1</Operation>
                    </Platform>
                </DeployClass>
                <DeployClass Name="AndroidLibnativeMipsFile">
                    <Platform Name="Android">
                        <RemoteDir>library\lib\mips</RemoteDir>
                        <Operation>1</Operation>
                    </Platform>
                    <Platform Name="Android64">
                        <RemoteDir>library\lib\mips</RemoteDir>
                        <Operation>1</Operation>
                    </Platform>
                </DeployClass>
                <DeployClass Name="AndroidServiceOutput">
                    <Platform Name="Android">
                        <RemoteDir>library\lib\armeabi-v7a</RemoteDir>
                        <Operation>1</Operation>
                    </Platform>
                    <Platform Name="Android64">
                        <RemoteDir>library\lib\arm64-v8a</RemoteDir>
                        <Operation>1</Operation>
                    </Platform>
                </DeployClass>
                <DeployClass Name="AndroidServiceOutput_Android32">
                    <Platform Name="Android64">
                        <RemoteDir>library\lib\armeabi-v7a</RemoteDir>
                        <Operation>1</Operation>
                    </Platform>
                </DeployClass>
                <DeployClass Name="AndroidSplashImageDef">
                    <Platform Name="Android">
                        <RemoteDir>res\drawable</RemoteDir>
                        <Operation>1</Operation>
                    </Platform>
                    <Platform Name="Android64">
                        <RemoteDir>res\drawable</RemoteDir>
                        <Operation>1</Operation>
                    </Platform>
                </DeployClass>
                <DeployClass Name="AndroidSplashStyles">
                    <Platform Name="Android">
                        <RemoteDir>res\values</RemoteDir>
                        <Operation>1</Operation>
                    </Platform>
                    <Platform Name="Android64">
                        <RemoteDir>res\values</RemoteDir>
                        <Operation>1</Operation>
                    </Platform>
                </DeployClass>
                <DeployClass Name="AndroidSplashStylesV21">
                    <Platform Name="Android">
                        <RemoteDir>res\values-v21</RemoteDir>
                        <Operation>1</Operation>
                    </Platform>
                    <Platform Name="Android64">
                        <RemoteDir>res\values-v21</RemoteDir>
                        <Operation>1</Operation>
                    </Platform>
                </DeployClass>
                <DeployClass Name="Android_Colors">
                    <Platform Name="Android">
                        <RemoteDir>res\values</RemoteDir>
                        <Operation>1</Operation>
                    </Platform>
                    <Platform Name="Android64">
                        <RemoteDir>res\values</RemoteDir>
                        <Operation>1</Operation>
                    </Platform>
                </DeployClass>
                <DeployClass Name="Android_DefaultAppIcon">
                    <Platform Name="Android">
                        <RemoteDir>res\drawable</RemoteDir>
                        <Operation>1</Operation>
                    </Platform>
                    <Platform Name="Android64">
                        <RemoteDir>res\drawable</RemoteDir>
                        <Operation>1</Operation>
                    </Platform>
                </DeployClass>
                <DeployClass Name="Android_LauncherIcon144">
                    <Platform Name="Android">
                        <RemoteDir>res\drawable-xxhdpi</RemoteDir>
                        <Operation>1</Operation>
                    </Platform>
                    <Platform Name="Android64">
                        <RemoteDir>res\drawable-xxhdpi</RemoteDir>
                        <Operation>1</Operation>
                    </Platform>
                </DeployClass>
                <DeployClass Name="Android_LauncherIcon192">
                    <Platform Name="Android">
                        <RemoteDir>res\drawable-xxxhdpi</RemoteDir>
                        <Operation>1</Operation>
                    </Platform>
                    <Platform Name="Android64">
                        <RemoteDir>res\drawable-xxxhdpi</RemoteDir>
                        <Operation>1</Operation>
                    </Platform>
                </DeployClass>
                <DeployClass Name="Android_LauncherIcon36">
                    <Platform Name="Android">
                        <RemoteDir>res\drawable-ldpi</RemoteDir>
                        <Operation>1</Operation>
                    </Platform>
                    <Platform Name="Android64">
                        <RemoteDir>res\drawable-ldpi</RemoteDir>
                        <Operation>1</Operation>
                    </Platform>
                </DeployClass>
                <DeployClass Name="Android_LauncherIcon48">
                    <Platform Name="Android">
                        <RemoteDir>res\drawable-mdpi</RemoteDir>
                        <Operation>1</Operation>
                    </Platform>
                    <Platform Name="Android64">
                        <RemoteDir>res\drawable-mdpi</RemoteDir>
                        <Operation>1</Operation>
                    </Platform>
                </DeployClass>
                <DeployClass Name="Android_LauncherIcon72">
                    <Platform Name="Android">
                        <RemoteDir>res\drawable-hdpi</RemoteDir>
                        <Operation>1</Operation>
                    </Platform>
                    <Platform Name="Android64">
                        <RemoteDir>res\drawable-hdpi</RemoteDir>
                        <Operation>1</Operation>
                    </Platform>
                </DeployClass>
                <DeployClass Name="Android_LauncherIcon96">
                    <Platform Name="Android">
                        <RemoteDir>res\drawable-xhdpi</RemoteDir>
                        <Operation>1</Operation>
                    </Platform>
                    <Platform Name="Android64">
                        <RemoteDir>res\drawable-xhdpi</RemoteDir>
                        <Operation>1</Operation>
                    </Platform>
                </DeployClass>
                <DeployClass Name="Android_NotificationIcon24">
                    <Platform Name="Android">
                        <RemoteDir>res\drawable-mdpi</RemoteDir>
                        <Operation>1</Operation>
                    </Platform>
                    <Platform Name="Android64">
                        <RemoteDir>res\drawable-mdpi</RemoteDir>
                        <Operation>1</Operation>
                    </Platform>
                </DeployClass>
                <DeployClass Name="Android_NotificationIcon36">
                    <Platform Name="Android">
                        <RemoteDir>res\drawable-hdpi</RemoteDir>
                        <Operation>1</Operation>
                    </Platform>
                    <Platform Name="Android64">
                        <RemoteDir>res\drawable-hdpi</RemoteDir>
                        <Operation>1</Operation>
                    </Platform>
                </DeployClass>
                <DeployClass Name="Android_NotificationIcon48">
                    <Platform Name="Android">
                        <RemoteDir>res\drawable-xhdpi</RemoteDir>
                        <Operation>1</Operation>
                    </Platform>
                    <Platform Name="Android64">
                        <RemoteDir>res\drawable-xhdpi</RemoteDir>
                        <Operation>1</Operation>
                    </Platform>
                </DeployClass>
                <DeployClass Name="Android_NotificationIcon72">
                    <Platform Name="Android">
                        <RemoteDir>res\drawable-xxhdpi</RemoteDir>
                        <Operation>1</Operation>
                    </Platform>
                    <Platform Name="Android64">
                        <RemoteDir>res\drawable-xxhdpi</RemoteDir>
                        <Operation>1</Operation>
                    </Platform>
                </DeployClass>
                <DeployClass Name="Android_NotificationIcon96">
                    <Platform Name="Android">
                        <RemoteDir>res\drawable-xxxhdpi</RemoteDir>
                        <Operation>1</Operation>
                    </Platform>
                    <Platform Name="Android64">
                        <RemoteDir>res\drawable-xxxhdpi</RemoteDir>
                        <Operation>1</Operation>
                    </Platform>
                </DeployClass>
                <DeployClass Name="Android_SplashImage426">
                    <Platform Name="Android">
                        <RemoteDir>res\drawable-small</RemoteDir>
                        <Operation>1</Operation>
                    </Platform>
                    <Platform Name="Android64">
                        <RemoteDir>res\drawable-small</RemoteDir>
                        <Operation>1</Operation>
                    </Platform>
                </DeployClass>
                <DeployClass Name="Android_SplashImage470">
                    <Platform Name="Android">
                        <RemoteDir>res\drawable-normal</RemoteDir>
                        <Operation>1</Operation>
                    </Platform>
                    <Platform Name="Android64">
                        <RemoteDir>res\drawable-normal</RemoteDir>
                        <Operation>1</Operation>
                    </Platform>
                </DeployClass>
                <DeployClass Name="Android_SplashImage640">
                    <Platform Name="Android">
                        <RemoteDir>res\drawable-large</RemoteDir>
                        <Operation>1</Operation>
                    </Platform>
                    <Platform Name="Android64">
                        <RemoteDir>res\drawable-large</RemoteDir>
                        <Operation>1</Operation>
                    </Platform>
                </DeployClass>
                <DeployClass Name="Android_SplashImage960">
                    <Platform Name="Android">
                        <RemoteDir>res\drawable-xlarge</RemoteDir>
                        <Operation>1</Operation>
                    </Platform>
                    <Platform Name="Android64">
                        <RemoteDir>res\drawable-xlarge</RemoteDir>
                        <Operation>1</Operation>
                    </Platform>
                </DeployClass>
                <DeployClass Name="Android_Strings">
                    <Platform Name="Android">
                        <RemoteDir>res\values</RemoteDir>
                        <Operation>1</Operation>
                    </Platform>
                    <Platform Name="Android64">
                        <RemoteDir>res\values</RemoteDir>
                        <Operation>1</Operation>
                    </Platform>
                </DeployClass>
                <DeployClass Name="DebugSymbols">
                    <Platform Name="iOSSimulator">
                        <Operation>1</Operation>
                    </Platform>
                    <Platform Name="OSX32">
                        <Operation>1</Operation>
                    </Platform>
                    <Platform Name="Win32">
                        <Operation>0</Operation>
                    </Platform>
                </DeployClass>
                <DeployClass Name="DependencyFramework">
                    <Platform Name="OSX32">
                        <Operation>1</Operation>
                        <Extensions>.framework</Extensions>
                    </Platform>
                    <Platform Name="OSX64">
                        <Operation>1</Operation>
                        <Extensions>.framework</Extensions>
                    </Platform>
                    <Platform Name="OSXARM64">
                        <Operation>1</Operation>
                        <Extensions>.framework</Extensions>
                    </Platform>
                    <Platform Name="Win32">
                        <Operation>0</Operation>
                    </Platform>
                </DeployClass>
                <DeployClass Name="DependencyModule">
                    <Platform Name="OSX32">
                        <Operation>1</Operation>
                        <Extensions>.dylib</Extensions>
                    </Platform>
                    <Platform Name="OSX64">
                        <Operation>1</Operation>
                        <Extensions>.dylib</Extensions>
                    </Platform>
                    <Platform Name="OSXARM64">
                        <Operation>1</Operation>
                        <Extensions>.dylib</Extensions>
                    </Platform>
                    <Platform Name="Win32">
                        <Operation>0</Operation>
                        <Extensions>.dll;.bpl</Extensions>
                    </Platform>
                </DeployClass>
                <DeployClass Required="true" Name="DependencyPackage">
                    <Platform Name="iOSDevice32">
                        <Operation>1</Operation>
                        <Extensions>.dylib</Extensions>
                    </Platform>
                    <Platform Name="iOSDevice64">
                        <Operation>1</Operation>
                        <Extensions>.dylib</Extensions>
                    </Platform>
                    <Platform Name="iOSSimARM64">
                        <Operation>1</Operation>
                        <Extensions>.dylib</Extensions>
                    </Platform>
                    <Platform Name="OSX32">
                        <Operation>1</Operation>
                        <Extensions>.dylib</Extensions>
                    </Platform>
                    <Platform Name="OSX64">
                        <Operation>1</Operation>
                        <Extensions>.dylib</Extensions>
                    </Platform>
                    <Platform Name="OSXARM64">
                        <Operation>1</Operation>
                        <Extensions>.dylib</Extensions>
                    </Platform>
                    <Platform Name="Win32">
                        <Operation>0</Operation>
                        <Extensions>.bpl</Extensions>
                    </Platform>
                </DeployClass>
                <DeployClass Name="File">
                    <Platform Name="Android">
                        <Operation>0</Operation>
                    </Platform>
                    <Platform Name="Android64">
                        <Operation>0</Operation>
                    </Platform>
                    <Platform Name="iOSDevice32">
                        <Operation>0</Operation>
                    </Platform>
                    <Platform Name="iOSDevice64">
                        <Operation>0</Operation>
                    </Platform>
                    <Platform Name="iOSSimARM64">
                        <Operation>0</Operation>
                    </Platform>
                    <Platform Name="OSX32">
                        <Operation>0</Operation>
                    </Platform>
                    <Platform Name="OSX64">
                        <Operation>0</Operation>
                    </Platform>
                    <Platform Name="OSXARM64">
                        <Operation>0</Operation>
                    </Platform>
                    <Platform Name="Win32">
                        <Operation>0</Operation>
                    </Platform>
                </DeployClass>
                <DeployClass Name="ProjectAndroidManifest">
                    <Platform Name="Android">
                        <Operation>1</Operation>
                    </Platform>
                    <Platform Name="Android64">
                        <Operation>1</Operation>
                    </Platform>
                </DeployClass>
                <DeployClass Name="ProjectOSXDebug"/>
                <DeployClass Name="ProjectOSXEntitlements"/>
                <DeployClass Name="ProjectOSXInfoPList"/>
                <DeployClass Name="ProjectOSXResource">
                    <Platform Name="OSX32">
                        <RemoteDir>Contents\Resources</RemoteDir>
                        <Operation>1</Operation>
                    </Platform>
                    <Platform Name="OSX64">
                        <RemoteDir>Contents\Resources</RemoteDir>
                        <Operation>1</Operation>
                    </Platform>
                    <Platform Name="OSXARM64">
                        <RemoteDir>Contents\Resources</RemoteDir>
                        <Operation>1</Operation>
                    </Platform>
                </DeployClass>
                <DeployClass Required="true" Name="ProjectOutput">
                    <Platform Name="Android">
                        <RemoteDir>library\lib\armeabi-v7a</RemoteDir>
                        <Operation>1</Operation>
                    </Platform>
                    <Platform Name="Android64">
                        <RemoteDir>library\lib\arm64-v8a</RemoteDir>
                        <Operation>1</Operation>
                    </Platform>
                    <Platform Name="iOSDevice32">
                        <Operation>1</Operation>
                    </Platform>
                    <Platform Name="iOSDevice64">
                        <Operation>1</Operation>
                    </Platform>
                    <Platform Name="iOSSimARM64">
                        <Operation>1</Operation>
                    </Platform>
                    <Platform Name="Linux64">
                        <Operation>1</Operation>
                    </Platform>
                    <Platform Name="OSX32">
                        <Operation>1</Operation>
                    </Platform>
                    <Platform Name="OSX64">
                        <Operation>1</Operation>
                    </Platform>
                    <Platform Name="OSXARM64">
                        <Operation>1</Operation>
                    </Platform>
                    <Platform Name="Win32">
                        <Operation>0</Operation>
                    </Platform>
                </DeployClass>
                <DeployClass Name="ProjectOutput_Android32">
                    <Platform Name="Android64">
                        <RemoteDir>library\lib\armeabi-v7a</RemoteDir>
                        <Operation>1</Operation>
                    </Platform>
                </DeployClass>
                <DeployClass Name="ProjectUWPManifest">
                    <Platform Name="Win32">
                        <Operation>1</Operation>
                    </Platform>
                    <Platform Name="Win64">
                        <Operation>1</Operation>
                    </Platform>
                </DeployClass>
                <DeployClass Name="ProjectiOSDeviceDebug">
                    <Platform Name="iOSDevice32">
                        <RemoteDir>..\$(PROJECTNAME).app.dSYM\Contents\Resources\DWARF</RemoteDir>
                        <Operation>1</Operation>
                    </Platform>
                    <Platform Name="iOSDevice64">
                        <RemoteDir>..\$(PROJECTNAME).app.dSYM\Contents\Resources\DWARF</RemoteDir>
                        <Operation>1</Operation>
                    </Platform>
                    <Platform Name="iOSSimARM64">
                        <RemoteDir>..\$(PROJECTNAME).app.dSYM\Contents\Resources\DWARF</RemoteDir>
                        <Operation>1</Operation>
                    </Platform>
                </DeployClass>
                <DeployClass Name="ProjectiOSEntitlements"/>
                <DeployClass Name="ProjectiOSInfoPList"/>
                <DeployClass Name="ProjectiOSLaunchScreen"/>
                <DeployClass Name="ProjectiOSResource">
                    <Platform Name="iOSDevice32">
                        <Operation>1</Operation>
                    </Platform>
                    <Platform Name="iOSDevice64">
                        <Operation>1</Operation>
                    </Platform>
                    <Platform Name="iOSSimARM64">
                        <Operation>1</Operation>
                    </Platform>
                </DeployClass>
                <DeployClass Name="UWP_DelphiLogo150">
                    <Platform Name="Win32">
                        <RemoteDir>Assets</RemoteDir>
                        <Operation>1</Operation>
                    </Platform>
                    <Platform Name="Win64">
                        <RemoteDir>Assets</RemoteDir>
                        <Operation>1</Operation>
                    </Platform>
                </DeployClass>
                <DeployClass Name="UWP_DelphiLogo44">
                    <Platform Name="Win32">
                        <RemoteDir>Assets</RemoteDir>
                        <Operation>1</Operation>
                    </Platform>
                    <Platform Name="Win64">
                        <RemoteDir>Assets</RemoteDir>
                        <Operation>1</Operation>
                    </Platform>
                </DeployClass>
                <DeployClass Name="iOS_AppStore1024">
                    <Platform Name="iOSDevice64">
                        <RemoteDir>..\$(PROJECTNAME).launchscreen\Assets\AppIcon.appiconset</RemoteDir>
                        <Operation>1</Operation>
                    </Platform>
                    <Platform Name="iOSSimARM64">
                        <RemoteDir>..\$(PROJECTNAME).launchscreen\Assets\AppIcon.appiconset</RemoteDir>
                        <Operation>1</Operation>
                    </Platform>
                </DeployClass>
                <DeployClass Name="iPad_AppIcon152">
                    <Platform Name="iOSDevice64">
                        <RemoteDir>..\$(PROJECTNAME).launchscreen\Assets\AppIcon.appiconset</RemoteDir>
                        <Operation>1</Operation>
                    </Platform>
                    <Platform Name="iOSSimARM64">
                        <RemoteDir>..\$(PROJECTNAME).launchscreen\Assets\AppIcon.appiconset</RemoteDir>
                        <Operation>1</Operation>
                    </Platform>
                </DeployClass>
                <DeployClass Name="iPad_AppIcon167">
                    <Platform Name="iOSDevice64">
                        <RemoteDir>..\$(PROJECTNAME).launchscreen\Assets\AppIcon.appiconset</RemoteDir>
                        <Operation>1</Operation>
                    </Platform>
                    <Platform Name="iOSSimARM64">
                        <RemoteDir>..\$(PROJECTNAME).launchscreen\Assets\AppIcon.appiconset</RemoteDir>
                        <Operation>1</Operation>
                    </Platform>
                </DeployClass>
                <DeployClass Name="iPad_Launch2x">
                    <Platform Name="iOSDevice64">
                        <RemoteDir>..\$(PROJECTNAME).launchscreen\Assets\LaunchScreenImage.imageset</RemoteDir>
                        <Operation>1</Operation>
                    </Platform>
                    <Platform Name="iOSSimARM64">
                        <RemoteDir>..\$(PROJECTNAME).launchscreen\Assets\LaunchScreenImage.imageset</RemoteDir>
                        <Operation>1</Operation>
                    </Platform>
                </DeployClass>
                <DeployClass Name="iPad_LaunchDark2x">
                    <Platform Name="iOSDevice64">
                        <RemoteDir>..\$(PROJECTNAME).launchscreen\Assets\LaunchScreenImage.imageset</RemoteDir>
                        <Operation>1</Operation>
                    </Platform>
                    <Platform Name="iOSSimARM64">
                        <RemoteDir>..\$(PROJECTNAME).launchscreen\Assets\LaunchScreenImage.imageset</RemoteDir>
                        <Operation>1</Operation>
                    </Platform>
                </DeployClass>
                <DeployClass Name="iPad_Notification40">
                    <Platform Name="iOSDevice64">
                        <RemoteDir>..\$(PROJECTNAME).launchscreen\Assets\AppIcon.appiconset</RemoteDir>
                        <Operation>1</Operation>
                    </Platform>
                    <Platform Name="iOSSimARM64">
                        <RemoteDir>..\$(PROJECTNAME).launchscreen\Assets\AppIcon.appiconset</RemoteDir>
                        <Operation>1</Operation>
                    </Platform>
                </DeployClass>
                <DeployClass Name="iPad_Setting58">
                    <Platform Name="iOSDevice64">
                        <RemoteDir>..\$(PROJECTNAME).launchscreen\Assets\AppIcon.appiconset</RemoteDir>
                        <Operation>1</Operation>
                    </Platform>
                    <Platform Name="iOSSimARM64">
                        <RemoteDir>..\$(PROJECTNAME).launchscreen\Assets\AppIcon.appiconset</RemoteDir>
                        <Operation>1</Operation>
                    </Platform>
                </DeployClass>
                <DeployClass Name="iPad_SpotLight80">
                    <Platform Name="iOSDevice64">
                        <RemoteDir>..\$(PROJECTNAME).launchscreen\Assets\AppIcon.appiconset</RemoteDir>
                        <Operation>1</Operation>
                    </Platform>
                    <Platform Name="iOSSimARM64">
                        <RemoteDir>..\$(PROJECTNAME).launchscreen\Assets\AppIcon.appiconset</RemoteDir>
                        <Operation>1</Operation>
                    </Platform>
                </DeployClass>
                <DeployClass Name="iPhone_AppIcon120">
                    <Platform Name="iOSDevice64">
                        <RemoteDir>..\$(PROJECTNAME).launchscreen\Assets\AppIcon.appiconset</RemoteDir>
                        <Operation>1</Operation>
                    </Platform>
                    <Platform Name="iOSSimARM64">
                        <RemoteDir>..\$(PROJECTNAME).launchscreen\Assets\AppIcon.appiconset</RemoteDir>
                        <Operation>1</Operation>
                    </Platform>
                </DeployClass>
                <DeployClass Name="iPhone_AppIcon180">
                    <Platform Name="iOSDevice64">
                        <RemoteDir>..\$(PROJECTNAME).launchscreen\Assets\AppIcon.appiconset</RemoteDir>
                        <Operation>1</Operation>
                    </Platform>
                    <Platform Name="iOSSimARM64">
                        <RemoteDir>..\$(PROJECTNAME).launchscreen\Assets\AppIcon.appiconset</RemoteDir>
                        <Operation>1</Operation>
                    </Platform>
                </DeployClass>
                <DeployClass Name="iPhone_Launch2x">
                    <Platform Name="iOSDevice64">
                        <RemoteDir>..\$(PROJECTNAME).launchscreen\Assets\LaunchScreenImage.imageset</RemoteDir>
                        <Operation>1</Operation>
                    </Platform>
                    <Platform Name="iOSSimARM64">
                        <RemoteDir>..\$(PROJECTNAME).launchscreen\Assets\LaunchScreenImage.imageset</RemoteDir>
                        <Operation>1</Operation>
                    </Platform>
                </DeployClass>
                <DeployClass Name="iPhone_Launch3x">
                    <Platform Name="iOSDevice64">
                        <RemoteDir>..\$(PROJECTNAME).launchscreen\Assets\LaunchScreenImage.imageset</RemoteDir>
                        <Operation>1</Operation>
                    </Platform>
                    <Platform Name="iOSSimARM64">
                        <RemoteDir>..\$(PROJECTNAME).launchscreen\Assets\LaunchScreenImage.imageset</RemoteDir>
                        <Operation>1</Operation>
                    </Platform>
                </DeployClass>
                <DeployClass Name="iPhone_LaunchDark2x">
                    <Platform Name="iOSDevice64">
                        <RemoteDir>..\$(PROJECTNAME).launchscreen\Assets\LaunchScreenImage.imageset</RemoteDir>
                        <Operation>1</Operation>
                    </Platform>
                    <Platform Name="iOSSimARM64">
                        <RemoteDir>..\$(PROJECTNAME).launchscreen\Assets\LaunchScreenImage.imageset</RemoteDir>
                        <Operation>1</Operation>
                    </Platform>
                </DeployClass>
                <DeployClass Name="iPhone_LaunchDark3x">
                    <Platform Name="iOSDevice64">
                        <RemoteDir>..\$(PROJECTNAME).launchscreen\Assets\LaunchScreenImage.imageset</RemoteDir>
                        <Operation>1</Operation>
                    </Platform>
                    <Platform Name="iOSSimARM64">
                        <RemoteDir>..\$(PROJECTNAME).launchscreen\Assets\LaunchScreenImage.imageset</RemoteDir>
                        <Operation>1</Operation>
                    </Platform>
                </DeployClass>
                <DeployClass Name="iPhone_Notification40">
                    <Platform Name="iOSDevice64">
                        <RemoteDir>..\$(PROJECTNAME).launchscreen\Assets\AppIcon.appiconset</RemoteDir>
                        <Operation>1</Operation>
                    </Platform>
                    <Platform Name="iOSSimARM64">
                        <RemoteDir>..\$(PROJECTNAME).launchscreen\Assets\AppIcon.appiconset</RemoteDir>
                        <Operation>1</Operation>
                    </Platform>
                </DeployClass>
                <DeployClass Name="iPhone_Notification60">
                    <Platform Name="iOSDevice64">
                        <RemoteDir>..\$(PROJECTNAME).launchscreen\Assets\AppIcon.appiconset</RemoteDir>
                        <Operation>1</Operation>
                    </Platform>
                    <Platform Name="iOSSimARM64">
                        <RemoteDir>..\$(PROJECTNAME).launchscreen\Assets\AppIcon.appiconset</RemoteDir>
                        <Operation>1</Operation>
                    </Platform>
                </DeployClass>
                <DeployClass Name="iPhone_Setting58">
                    <Platform Name="iOSDevice64">
                        <RemoteDir>..\$(PROJECTNAME).launchscreen\Assets\AppIcon.appiconset</RemoteDir>
                        <Operation>1</Operation>
                    </Platform>
                    <Platform Name="iOSSimARM64">
                        <RemoteDir>..\$(PROJECTNAME).launchscreen\Assets\AppIcon.appiconset</RemoteDir>
                        <Operation>1</Operation>
                    </Platform>
                </DeployClass>
                <DeployClass Name="iPhone_Setting87">
                    <Platform Name="iOSDevice64">
                        <RemoteDir>..\$(PROJECTNAME).launchscreen\Assets\AppIcon.appiconset</RemoteDir>
                        <Operation>1</Operation>
                    </Platform>
                    <Platform Name="iOSSimARM64">
                        <RemoteDir>..\$(PROJECTNAME).launchscreen\Assets\AppIcon.appiconset</RemoteDir>
                        <Operation>1</Operation>
                    </Platform>
                </DeployClass>
                <DeployClass Name="iPhone_Spotlight120">
                    <Platform Name="iOSDevice64">
                        <RemoteDir>..\$(PROJECTNAME).launchscreen\Assets\AppIcon.appiconset</RemoteDir>
                        <Operation>1</Operation>
                    </Platform>
                    <Platform Name="iOSSimARM64">
                        <RemoteDir>..\$(PROJECTNAME).launchscreen\Assets\AppIcon.appiconset</RemoteDir>
                        <Operation>1</Operation>
                    </Platform>
                </DeployClass>
                <DeployClass Name="iPhone_Spotlight80">
                    <Platform Name="iOSDevice64">
                        <RemoteDir>..\$(PROJECTNAME).launchscreen\Assets\AppIcon.appiconset</RemoteDir>
                        <Operation>1</Operation>
                    </Platform>
                    <Platform Name="iOSSimARM64">
                        <RemoteDir>..\$(PROJECTNAME).launchscreen\Assets\AppIcon.appiconset</RemoteDir>
                        <Operation>1</Operation>
                    </Platform>
                </DeployClass>
                <ProjectRoot Platform="Android" Name="$(PROJECTNAME)"/>
                <ProjectRoot Platform="Android64" Name="$(PROJECTNAME)"/>
                <ProjectRoot Platform="iOSDevice32" Name="$(PROJECTNAME).app"/>
                <ProjectRoot Platform="iOSDevice64" Name="$(PROJECTNAME).app"/>
                <ProjectRoot Platform="iOSSimARM64" Name="$(PROJECTNAME).app"/>
                <ProjectRoot Platform="Linux64" Name="$(PROJECTNAME)"/>
                <ProjectRoot Platform="OSX32" Name="$(PROJECTNAME)"/>
                <ProjectRoot Platform="OSX64" Name="$(PROJECTNAME)"/>
                <ProjectRoot Platform="OSXARM64" Name="$(PROJECTNAME)"/>
                <ProjectRoot Platform="Win32" Name="$(PROJECTNAME)"/>
                <ProjectRoot Platform="Win64" Name="$(PROJECTNAME)"/>
            </Deployment>
            <Platforms>
                <Platform value="Win32">True</Platform>
                <Platform value="Win64">True</Platform>
            </Platforms>
        </BorlandProject>
        <ProjectFileVersion>12</ProjectFileVersion>
    </ProjectExtensions>
    <Import Project="$(BDS)\Bin\CodeGear.Delphi.Targets" Condition="Exists('$(BDS)\Bin\CodeGear.Delphi.Targets')"/>
    <Import Project="$(APPDATA)\Embarcadero\$(BDSAPPDATABASEDIR)\$(PRODUCTVERSION)\UserTools.proj" Condition="Exists('$(APPDATA)\Embarcadero\$(BDSAPPDATABASEDIR)\$(PRODUCTVERSION)\UserTools.proj')"/>
    <Import Project="$(MSBuildProjectName).deployproj" Condition="Exists('$(MSBuildProjectName).deployproj')"/>
    <PropertyGroup Condition="'$(Config)'=='Release' And '$(Platform)'=='Win32'">
        <PreBuildEvent/>
        <PreBuildEventIgnoreExitCode>False</PreBuildEventIgnoreExitCode>
        <PreLinkEvent/>
        <PreLinkEventIgnoreExitCode>False</PreLinkEventIgnoreExitCode>
        <PostBuildEvent>copy $(OUTPUTDIR)\$(OUTPUTNAME).* \\VBOXSVR\d_drive\inst\Bantu\$(Platform)\Mercado\inst-bin</PostBuildEvent>
        <PostBuildEventIgnoreExitCode>False</PostBuildEventIgnoreExitCode>
    </PropertyGroup>
    <PropertyGroup Condition="'$(Config)'=='Release' And '$(Platform)'=='Win64'">
        <PreBuildEvent>C:\Pr\app\bantu\bantu-sis\Controle\GitDescribe_SaveTo_VersaoAtu.bat</PreBuildEvent>
        <PreBuildEventIgnoreExitCode>False</PreBuildEventIgnoreExitCode>
        <PreLinkEvent/>
        <PreLinkEventIgnoreExitCode>False</PreLinkEventIgnoreExitCode>
        <PostBuildEvent>copy $(OUTPUTDIR)\$(OUTPUTNAME).* \\VBOXSVR\d_drive\inst\Bantu\$(Platform)\Mercado\inst-bin</PostBuildEvent>
        <PostBuildEventIgnoreExitCode>False</PostBuildEventIgnoreExitCode>
    </PropertyGroup>
</Project>
